
Microsoft Visual Studio Solution File, Format Version 12.00
# Visual Studio Version 17
VisualStudioVersion = 17.4.33103.184
MinimumVisualStudioVersion = 10.0.40219.1
Project("{9A19103F-16F7-4668-BE54-9A1E7A4F7556}") = "OpenAI.NET.SDK", "OpenAI.NET.SDK\OpenAI.NET.SDK.csproj", "{4840FAA1-9676-4695-913C-E71A477EB853}"
EndProject
Project("{9A19103F-16F7-4668-BE54-9A1E7A4F7556}") = "OpenAI.NET.Playground.Console", "OpenAI.NET.Playground.Console\OpenAI.NET.Playground.Console.csproj", "{46A265A7-5B9B-4D4A-B95C-024619009A0F}"
EndProject
Project("{9A19103F-16F7-4668-BE54-9A1E7A4F7556}") = "OpenAI.NET.Playground.Web", "OpenAI.NET.Playground.Web\OpenAI.NET.Playground.Web.csproj", "{72325730-A106-456E-AD18-1671CC2112A8}"
EndProject
Global
	GlobalSection(SolutionConfigurationPlatforms) = preSolution
		Debug|Any CPU = Debug|Any CPU
		Release|Any CPU = Release|Any CPU
	EndGlobalSection
	GlobalSection(ProjectConfigurationPlatforms) = postSolution
		{4840FAA1-9676-4695-913C-E71A477EB853}.Debug|Any CPU.ActiveCfg = Debug|Any CPU
		{4840FAA1-9676-4695-913C-E71A477EB853}.Debug|Any CPU.Build.0 = Debug|Any CPU
		{4840FAA1-9676-4695-913C-E71A477EB853}.Release|Any CPU.ActiveCfg = Release|Any CPU
		{4840FAA1-9676-4695-913C-E71A477EB853}.Release|Any CPU.Build.0 = Release|Any CPU
		{46A265A7-5B9B-4D4A-B95C-024619009A0F}.Debug|Any CPU.ActiveCfg = Debug|Any CPU
		{46A265A7-5B9B-4D4A-B95C-024619009A0F}.Debug|Any CPU.Build.0 = Debug|Any CPU
		{46A265A7-5B9B-4D4A-B95C-024619009A0F}.Release|Any CPU.ActiveCfg = Release|Any CPU
		{46A265A7-5B9B-4D4A-B95C-024619009A0F}.Release|Any CPU.Build.0 = Release|Any CPU
		{72325730-A106-456E-AD18-1671CC2112A8}.Debug|Any CPU.ActiveCfg = Debug|Any CPU
		{72325730-A106-456E-AD18-1671CC2112A8}.Debug|Any CPU.Build.0 = Debug|Any CPU
		{72325730-A106-456E-AD18-1671CC2112A8}.Release|Any CPU.ActiveCfg = Release|Any CPU
		{72325730-A106-456E-AD18-1671CC2112A8}.Release|Any CPU.Build.0 = Release|Any CPU
	EndGlobalSection
	GlobalSection(SolutionProperties) = preSolution
		HideSolutionNode = FALSE
	EndGlobalSection
	GlobalSection(ExtensibilityGlobals) = postSolution
		SolutionGuid = {CFFFD125-C988-44B7-B690-F83A27C11F17}
	EndGlobalSection
EndGlobal
